{
  "version": 4,
  "terraform_version": "1.2.1",
  "serial": 17,
  "lineage": "7d897fbf-c1d9-dab5-33e4-999ad31b1681",
  "outputs": {
    "resource_group_id": {
      "value": "/subscriptions/c7b4be1f-5eb9-4992-b214-3bbad0fb9009/resourceGroups/myTFR",
      "type": "string"
    }
  },
  "resources": [
    {
      "mode": "managed",
      "type": "azurerm_resource_group",
      "name": "rg",
      "provider": "provider[\"registry.terraform.io/hashicorp/azurerm\"]",
      "instances": [
        {
          "schema_version": 0,
          "attributes": {
            "id": "/subscriptions/c7b4be1f-5eb9-4992-b214-3bbad0fb9009/resourceGroups/myTFR",
            "location": "eastus2",
            "name": "myTFR",
            "tags": {
              "Environment": "TF",
              "Team": "Dev"
            },
            "timeouts": null
          },
          "sensitive_attributes": [],
          "private": "eyJlMmJmYjczMC1lY2FhLTExZTYtOGY4OC0zNDM2M2JjN2M0YzAiOnsiY3JlYXRlIjo1NDAwMDAwMDAwMDAwLCJkZWxldGUiOjU0MDAwMDAwMDAwMDAsInJlYWQiOjMwMDAwMDAwMDAwMCwidXBkYXRlIjo1NDAwMDAwMDAwMDAwfX0="
        }
      ]
    },
    {
      "mode": "managed",
      "type": "azurerm_virtual_network",
      "name": "vnet",
      "provider": "provider[\"registry.terraform.io/hashicorp/azurerm\"]",
      "instances": [
        {
          "schema_version": 0,
          "attributes": {
            "address_space": [
              "10.0.0.0/16"
            ],
            "bgp_community": "",
            "ddos_protection_plan": [],
            "dns_servers": [],
            "edge_zone": "",
            "flow_timeout_in_minutes": 0,
            "guid": "40ce352f-1ba4-48a5-ba66-40fb0235cbd7",
            "id": "/subscriptions/c7b4be1f-5eb9-4992-b214-3bbad0fb9009/resourceGroups/myTFR/providers/Microsoft.Network/virtualNetworks/myTFVnet",
            "location": "eastus2",
            "name": "myTFVnet",
            "resource_group_name": "myTFR",
            "subnet": [],
            "tags": {},
            "timeouts": null
          },
          "sensitive_attributes": [],
          "private": "eyJlMmJmYjczMC1lY2FhLTExZTYtOGY4OC0zNDM2M2JjN2M0YzAiOnsiY3JlYXRlIjoxODAwMDAwMDAwMDAwLCJkZWxldGUiOjE4MDAwMDAwMDAwMDAsInJlYWQiOjMwMDAwMDAwMDAwMCwidXBkYXRlIjoxODAwMDAwMDAwMDAwfX0=",
          "dependencies": [
            "azurerm_resource_group.rg"
          ]
        }
      ]
    }
  ]
}
